
Microsoft Visual Studio Solution File, Format Version 12.00
# Visual Studio 15
VisualStudioVersion = 15.0.27428.2027
MinimumVisualStudioVersion = 10.0.40219.1
Project("{FAE04EC0-301F-11D3-BF4B-00C04F79EFBC}") = "ProcessExec", "ProcessExec\ProcessExec.csproj", "{4CB39BB6-1B6A-4751-883C-9C01864B7C4E}"
EndProject
Global
	GlobalSection(SolutionConfigurationPlatforms) = preSolution
		Debug|Any CPU = Debug|Any CPU
		Release|Any CPU = Release|Any CPU
	EndGlobalSection
	GlobalSection(ProjectConfigurationPlatforms) = postSolution
		{4CB39BB6-1B6A-4751-883C-9C01864B7C4E}.Debug|Any CPU.ActiveCfg = Debug|Any CPU
		{4CB39BB6-1B6A-4751-883C-9C01864B7C4E}.Debug|Any CPU.Build.0 = Debug|Any CPU
		{4CB39BB6-1B6A-4751-883C-9C01864B7C4E}.Release|Any CPU.ActiveCfg = Release|Any CPU
		{4CB39BB6-1B6A-4751-883C-9C01864B7C4E}.Release|Any CPU.Build.0 = Release|Any CPU
	EndGlobalSection
	GlobalSection(SolutionProperties) = preSolution
		HideSolutionNode = FALSE
	EndGlobalSection
	GlobalSection(ExtensibilityGlobals) = postSolution
		SolutionGuid = {215951A6-5250-436A-A800-876819718EBB}
	EndGlobalSection
EndGlobal
